
Microsoft Visual Studio Solution File, Format Version 12.00
# Visual Studio 2012
Project("{FAE04EC0-301F-11D3-BF4B-00C04F79EFBC}") = "TheBlindMan", "TheBlindMan\TheBlindMan\TheBlindMan.csproj", "{AF4A8A1F-C78B-429B-B416-2E29B8BD4710}"
EndProject
Project("{FAE04EC0-301F-11D3-BF4B-00C04F79EFBC}") = "TheBlindManContent", "TheBlindMan\TheBlindManContent\TheBlindManContent.contentproj", "{27657D19-635D-4710-B0BF-3054763E5498}"
EndProject
Global
	GlobalSection(SolutionConfigurationPlatforms) = preSolution
		Debug|x86 = Debug|x86
		Release|x86 = Release|x86
	EndGlobalSection
	GlobalSection(ProjectConfigurationPlatforms) = postSolution
		{AF4A8A1F-C78B-429B-B416-2E29B8BD4710}.Debug|x86.ActiveCfg = Debug|x86
		{AF4A8A1F-C78B-429B-B416-2E29B8BD4710}.Debug|x86.Build.0 = Debug|x86
		{AF4A8A1F-C78B-429B-B416-2E29B8BD4710}.Release|x86.ActiveCfg = Release|x86
		{AF4A8A1F-C78B-429B-B416-2E29B8BD4710}.Release|x86.Build.0 = Release|x86
		{27657D19-635D-4710-B0BF-3054763E5498}.Debug|x86.ActiveCfg = Debug|x86
		{27657D19-635D-4710-B0BF-3054763E5498}.Release|x86.ActiveCfg = Release|x86
	EndGlobalSection
	GlobalSection(SolutionProperties) = preSolution
		HideSolutionNode = FALSE
	EndGlobalSection
EndGlobal
